<Solution>
  <Folder Name="/FrontEnd/" />
  <Folder Name="/IdentityServer/" />
  <Folder Name="/Services/" />
  <Folder Name="/Services/Basket/" />
  <Folder Name="/Services/Cargo/" />
  <Folder Name="/Services/Catalog/">
    <Project Path="Services/Catalog/ECommerce.Catalog/ECommerce.Catalog.csproj" />
  </Folder>
  <Folder Name="/Services/Discount/" />
  <Folder Name="/Services/Order/" />
  <Folder Name="/Shared/">
    <File Path="Ports.txt" />
  </Folder>
</Solution>
